
Microsoft Visual Studio Solution File, Format Version 12.00
# Visual Studio Version 16
VisualStudioVersion = 16.0.29709.97
MinimumVisualStudioVersion = 10.0.40219.1
Project("{FAE04EC0-301F-11D3-BF4B-00C04F79EFBC}") = "DrawingForm", "DrawingForm\DrawingForm.csproj", "{A5DFAB3C-B59C-442F-9667-71BB4FA77D31}"
EndProject
Global
	GlobalSection(SolutionConfigurationPlatforms) = preSolution
		Debug_Ubuntu|Any CPU = Debug_Ubuntu|Any CPU
		Debug|Any CPU = Debug|Any CPU
		Release_Ubuntu|Any CPU = Release_Ubuntu|Any CPU
		Release|Any CPU = Release|Any CPU
	EndGlobalSection
	GlobalSection(ProjectConfigurationPlatforms) = postSolution
		{A5DFAB3C-B59C-442F-9667-71BB4FA77D31}.Debug_Ubuntu|Any CPU.ActiveCfg = Debug|Any CPU
		{A5DFAB3C-B59C-442F-9667-71BB4FA77D31}.Debug_Ubuntu|Any CPU.Build.0 = Debug|Any CPU
		{A5DFAB3C-B59C-442F-9667-71BB4FA77D31}.Debug|Any CPU.ActiveCfg = Debug|Any CPU
		{A5DFAB3C-B59C-442F-9667-71BB4FA77D31}.Debug|Any CPU.Build.0 = Debug|Any CPU
		{A5DFAB3C-B59C-442F-9667-71BB4FA77D31}.Release_Ubuntu|Any CPU.ActiveCfg = Release|Any CPU
		{A5DFAB3C-B59C-442F-9667-71BB4FA77D31}.Release_Ubuntu|Any CPU.Build.0 = Release|Any CPU
		{A5DFAB3C-B59C-442F-9667-71BB4FA77D31}.Release|Any CPU.ActiveCfg = Release|Any CPU
		{A5DFAB3C-B59C-442F-9667-71BB4FA77D31}.Release|Any CPU.Build.0 = Release|Any CPU
	EndGlobalSection
	GlobalSection(SolutionProperties) = preSolution
		HideSolutionNode = FALSE
	EndGlobalSection
	GlobalSection(ExtensibilityGlobals) = postSolution
		SolutionGuid = {6C62B9D6-FC90-4BA9-AC70-2374A08B964D}
	EndGlobalSection
EndGlobal
